// !$*UTF8*$!
{
	archiveVersion = 1;
	classes = {
	};
	objectVersion = 50;
	objects = {

/* Begin PBXBuildFile section */
		D40847F824E133AC00624E4F /* CharacterDetailViewController.swift in Sources */ = {isa = PBXBuildFile; fileRef = D40847F724E133AC00624E4F /* CharacterDetailViewController.swift */; };
		D40847FB24E1405A00624E4F /* CharacterDetailViewModel.swift in Sources */ = {isa = PBXBuildFile; fileRef = D40847FA24E1405A00624E4F /* CharacterDetailViewModel.swift */; };
		D40847FD24E1407C00624E4F /* CharacterDetailService.swift in Sources */ = {isa = PBXBuildFile; fileRef = D40847FC24E1407C00624E4F /* CharacterDetailService.swift */; };
		D40847FF24E1480300624E4F /* CharacterDetailDataWrapper.swift in Sources */ = {isa = PBXBuildFile; fileRef = D40847FE24E1480300624E4F /* CharacterDetailDataWrapper.swift */; };
		D408480124E1487600624E4F /* CharacterDetail.swift in Sources */ = {isa = PBXBuildFile; fileRef = D408480024E1487600624E4F /* CharacterDetail.swift */; };
		D408480324E148A500624E4F /* Comics.swift in Sources */ = {isa = PBXBuildFile; fileRef = D408480224E148A500624E4F /* Comics.swift */; };
		D408480524E148C000624E4F /* ComicResource.swift in Sources */ = {isa = PBXBuildFile; fileRef = D408480424E148C000624E4F /* ComicResource.swift */; };
		D408480724E1491400624E4F /* Stories.swift in Sources */ = {isa = PBXBuildFile; fileRef = D408480624E1491400624E4F /* Stories.swift */; };
		D408480924E1493E00624E4F /* Story.swift in Sources */ = {isa = PBXBuildFile; fileRef = D408480824E1493E00624E4F /* Story.swift */; };
		D408480B24E1499E00624E4F /* URLObject.swift in Sources */ = {isa = PBXBuildFile; fileRef = D408480A24E1499E00624E4F /* URLObject.swift */; };
		D408480D24E14B9F00624E4F /* SettingsAPI.swift in Sources */ = {isa = PBXBuildFile; fileRef = D408480C24E14B9F00624E4F /* SettingsAPI.swift */; };
		D408481024E15C6100624E4F /* CharacterDetailTableViewCell.swift in Sources */ = {isa = PBXBuildFile; fileRef = D408480E24E15C6100624E4F /* CharacterDetailTableViewCell.swift */; };
		D408481124E15C6100624E4F /* CharacterDetailTableViewCell.xib in Resources */ = {isa = PBXBuildFile; fileRef = D408480F24E15C6100624E4F /* CharacterDetailTableViewCell.xib */; };
		D43D75AB24E1848D00FD7A7A /* CharacterDetailDataContainter.swift in Sources */ = {isa = PBXBuildFile; fileRef = D43D75AA24E1848D00FD7A7A /* CharacterDetailDataContainter.swift */; };
		D43E3AB524E086C600CBADC8 /* CharacterCollectionViewCell.swift in Sources */ = {isa = PBXBuildFile; fileRef = D43E3AB324E086C600CBADC8 /* CharacterCollectionViewCell.swift */; };
		D43E3AB624E086C600CBADC8 /* CharacterCollectionViewCell.xib in Resources */ = {isa = PBXBuildFile; fileRef = D43E3AB424E086C600CBADC8 /* CharacterCollectionViewCell.xib */; };
		D45AB77624E05FCB002D61AE /* Character.swift in Sources */ = {isa = PBXBuildFile; fileRef = D45AB77524E05FCB002D61AE /* Character.swift */; };
		D45AB77924E064A9002D61AE /* CharactersListViewModel.swift in Sources */ = {isa = PBXBuildFile; fileRef = D45AB77824E064A9002D61AE /* CharactersListViewModel.swift */; };
		D45AB77B24E064B8002D61AE /* CharactersListService.swift in Sources */ = {isa = PBXBuildFile; fileRef = D45AB77A24E064B8002D61AE /* CharactersListService.swift */; };
		D45AB77E24E066B2002D61AE /* ClientAPI.swift in Sources */ = {isa = PBXBuildFile; fileRef = D45AB77D24E066B2002D61AE /* ClientAPI.swift */; };
		D45AB78024E06943002D61AE /* MD5Enconder.swift in Sources */ = {isa = PBXBuildFile; fileRef = D45AB77F24E06943002D61AE /* MD5Enconder.swift */; };
		D45AB78224E07693002D61AE /* CharacterDataWrapper.swift in Sources */ = {isa = PBXBuildFile; fileRef = D45AB78124E07693002D61AE /* CharacterDataWrapper.swift */; };
		D45AB78424E076A3002D61AE /* CharacterDataContainer.swift in Sources */ = {isa = PBXBuildFile; fileRef = D45AB78324E076A3002D61AE /* CharacterDataContainer.swift */; };
		D469DFD124E059D5008636EA /* AppDelegate.swift in Sources */ = {isa = PBXBuildFile; fileRef = D469DFD024E059D5008636EA /* AppDelegate.swift */; };
		D469DFD324E059D5008636EA /* SceneDelegate.swift in Sources */ = {isa = PBXBuildFile; fileRef = D469DFD224E059D5008636EA /* SceneDelegate.swift */; };
		D469DFD524E059D5008636EA /* CharactersListController.swift in Sources */ = {isa = PBXBuildFile; fileRef = D469DFD424E059D5008636EA /* CharactersListController.swift */; };
		D469DFD824E059D5008636EA /* Main.storyboard in Resources */ = {isa = PBXBuildFile; fileRef = D469DFD624E059D5008636EA /* Main.storyboard */; };
		D469DFDA24E059D6008636EA /* Assets.xcassets in Resources */ = {isa = PBXBuildFile; fileRef = D469DFD924E059D6008636EA /* Assets.xcassets */; };
		D469DFDD24E059D6008636EA /* LaunchScreen.storyboard in Resources */ = {isa = PBXBuildFile; fileRef = D469DFDB24E059D6008636EA /* LaunchScreen.storyboard */; };
		D469DFE824E059D6008636EA /* MarvelApp_iOSTests.swift in Sources */ = {isa = PBXBuildFile; fileRef = D469DFE724E059D6008636EA /* MarvelApp_iOSTests.swift */; };
		D469DFF324E059D6008636EA /* MarvelApp_iOSUITests.swift in Sources */ = {isa = PBXBuildFile; fileRef = D469DFF224E059D6008636EA /* MarvelApp_iOSUITests.swift */; };
		D488650B24E19B6C006AA196 /* Comic.swift in Sources */ = {isa = PBXBuildFile; fileRef = D488650A24E19B6C006AA196 /* Comic.swift */; };
		D4BE80D924E1B14F00C38989 /* ComicViewModel.swift in Sources */ = {isa = PBXBuildFile; fileRef = D4BE80D824E1B14F00C38989 /* ComicViewModel.swift */; };
		D4E35A2F24E33054005C82EA /* CharacterHeaderTableViewCell.swift in Sources */ = {isa = PBXBuildFile; fileRef = D4E35A2D24E33054005C82EA /* CharacterHeaderTableViewCell.swift */; };
		D4E35A3024E33054005C82EA /* CharacterHeaderTableViewCell.xib in Resources */ = {isa = PBXBuildFile; fileRef = D4E35A2E24E33054005C82EA /* CharacterHeaderTableViewCell.xib */; };
		D4E4201A24E1D3C400EE8F70 /* ComicDataWrapper.swift in Sources */ = {isa = PBXBuildFile; fileRef = D4E4201924E1D3C400EE8F70 /* ComicDataWrapper.swift */; };
		D4E4201C24E1D3D800EE8F70 /* ComicDataContainter.swift in Sources */ = {isa = PBXBuildFile; fileRef = D4E4201B24E1D3D800EE8F70 /* ComicDataContainter.swift */; };
		D4E4201E24E1DB8C00EE8F70 /* ComicService.swift in Sources */ = {isa = PBXBuildFile; fileRef = D4E4201D24E1DB8C00EE8F70 /* ComicService.swift */; };
/* End PBXBuildFile section */

/* Begin PBXContainerItemProxy section */
		D469DFE424E059D6008636EA /* PBXContainerItemProxy */ = {
			isa = PBXContainerItemProxy;
			containerPortal = D469DFC524E059D5008636EA /* Project object */;
			proxyType = 1;
			remoteGlobalIDString = D469DFCC24E059D5008636EA;
			remoteInfo = MarvelApp.iOS;
		};
		D469DFEF24E059D6008636EA /* PBXContainerItemProxy */ = {
			isa = PBXContainerItemProxy;
			containerPortal = D469DFC524E059D5008636EA /* Project object */;
			proxyType = 1;
			remoteGlobalIDString = D469DFCC24E059D5008636EA;
			remoteInfo = MarvelApp.iOS;
		};
/* End PBXContainerItemProxy section */

/* Begin PBXFileReference section */
		D40847F724E133AC00624E4F /* CharacterDetailViewController.swift */ = {isa = PBXFileReference; lastKnownFileType = sourcecode.swift; path = CharacterDetailViewController.swift; sourceTree = "<group>"; };
		D40847FA24E1405A00624E4F /* CharacterDetailViewModel.swift */ = {isa = PBXFileReference; lastKnownFileType = sourcecode.swift; path = CharacterDetailViewModel.swift; sourceTree = "<group>"; };
		D40847FC24E1407C00624E4F /* CharacterDetailService.swift */ = {isa = PBXFileReference; lastKnownFileType = sourcecode.swift; path = CharacterDetailService.swift; sourceTree = "<group>"; };
		D40847FE24E1480300624E4F /* CharacterDetailDataWrapper.swift */ = {isa = PBXFileReference; lastKnownFileType = sourcecode.swift; path = CharacterDetailDataWrapper.swift; sourceTree = "<group>"; };
		D408480024E1487600624E4F /* CharacterDetail.swift */ = {isa = PBXFileReference; lastKnownFileType = sourcecode.swift; path = CharacterDetail.swift; sourceTree = "<group>"; };
		D408480224E148A500624E4F /* Comics.swift */ = {isa = PBXFileReference; lastKnownFileType = sourcecode.swift; path = Comics.swift; sourceTree = "<group>"; };
		D408480424E148C000624E4F /* ComicResource.swift */ = {isa = PBXFileReference; lastKnownFileType = sourcecode.swift; path = ComicResource.swift; sourceTree = "<group>"; };
		D408480624E1491400624E4F /* Stories.swift */ = {isa = PBXFileReference; lastKnownFileType = sourcecode.swift; path = Stories.swift; sourceTree = "<group>"; };
		D408480824E1493E00624E4F /* Story.swift */ = {isa = PBXFileReference; lastKnownFileType = sourcecode.swift; path = Story.swift; sourceTree = "<group>"; };
		D408480A24E1499E00624E4F /* URLObject.swift */ = {isa = PBXFileReference; lastKnownFileType = sourcecode.swift; path = URLObject.swift; sourceTree = "<group>"; };
		D408480C24E14B9F00624E4F /* SettingsAPI.swift */ = {isa = PBXFileReference; lastKnownFileType = sourcecode.swift; path = SettingsAPI.swift; sourceTree = "<group>"; };
		D408480E24E15C6100624E4F /* CharacterDetailTableViewCell.swift */ = {isa = PBXFileReference; lastKnownFileType = sourcecode.swift; path = CharacterDetailTableViewCell.swift; sourceTree = "<group>"; };
		D408480F24E15C6100624E4F /* CharacterDetailTableViewCell.xib */ = {isa = PBXFileReference; lastKnownFileType = file.xib; path = CharacterDetailTableViewCell.xib; sourceTree = "<group>"; };
		D43D75AA24E1848D00FD7A7A /* CharacterDetailDataContainter.swift */ = {isa = PBXFileReference; lastKnownFileType = sourcecode.swift; path = CharacterDetailDataContainter.swift; sourceTree = "<group>"; };
		D43E3AB324E086C600CBADC8 /* CharacterCollectionViewCell.swift */ = {isa = PBXFileReference; lastKnownFileType = sourcecode.swift; path = CharacterCollectionViewCell.swift; sourceTree = "<group>"; };
		D43E3AB424E086C600CBADC8 /* CharacterCollectionViewCell.xib */ = {isa = PBXFileReference; lastKnownFileType = file.xib; path = CharacterCollectionViewCell.xib; sourceTree = "<group>"; };
		D45AB77524E05FCB002D61AE /* Character.swift */ = {isa = PBXFileReference; lastKnownFileType = sourcecode.swift; path = Character.swift; sourceTree = "<group>"; };
		D45AB77824E064A9002D61AE /* CharactersListViewModel.swift */ = {isa = PBXFileReference; lastKnownFileType = sourcecode.swift; path = CharactersListViewModel.swift; sourceTree = "<group>"; };
		D45AB77A24E064B8002D61AE /* CharactersListService.swift */ = {isa = PBXFileReference; lastKnownFileType = sourcecode.swift; path = CharactersListService.swift; sourceTree = "<group>"; };
		D45AB77D24E066B2002D61AE /* ClientAPI.swift */ = {isa = PBXFileReference; lastKnownFileType = sourcecode.swift; path = ClientAPI.swift; sourceTree = "<group>"; };
		D45AB77F24E06943002D61AE /* MD5Enconder.swift */ = {isa = PBXFileReference; lastKnownFileType = sourcecode.swift; path = MD5Enconder.swift; sourceTree = "<group>"; };
		D45AB78124E07693002D61AE /* CharacterDataWrapper.swift */ = {isa = PBXFileReference; lastKnownFileType = sourcecode.swift; path = CharacterDataWrapper.swift; sourceTree = "<group>"; };
		D45AB78324E076A3002D61AE /* CharacterDataContainer.swift */ = {isa = PBXFileReference; lastKnownFileType = sourcecode.swift; path = CharacterDataContainer.swift; sourceTree = "<group>"; };
		D469DFCD24E059D5008636EA /* Marvel.app */ = {isa = PBXFileReference; explicitFileType = wrapper.application; includeInIndex = 0; path = Marvel.app; sourceTree = BUILT_PRODUCTS_DIR; };
		D469DFD024E059D5008636EA /* AppDelegate.swift */ = {isa = PBXFileReference; lastKnownFileType = sourcecode.swift; path = AppDelegate.swift; sourceTree = "<group>"; };
		D469DFD224E059D5008636EA /* SceneDelegate.swift */ = {isa = PBXFileReference; lastKnownFileType = sourcecode.swift; path = SceneDelegate.swift; sourceTree = "<group>"; };
		D469DFD424E059D5008636EA /* CharactersListController.swift */ = {isa = PBXFileReference; lastKnownFileType = sourcecode.swift; path = CharactersListController.swift; sourceTree = "<group>"; };
		D469DFD724E059D5008636EA /* Base */ = {isa = PBXFileReference; lastKnownFileType = file.storyboard; name = Base; path = Base.lproj/Main.storyboard; sourceTree = "<group>"; };
		D469DFD924E059D6008636EA /* Assets.xcassets */ = {isa = PBXFileReference; lastKnownFileType = folder.assetcatalog; path = Assets.xcassets; sourceTree = "<group>"; };
		D469DFDC24E059D6008636EA /* Base */ = {isa = PBXFileReference; lastKnownFileType = file.storyboard; name = Base; path = Base.lproj/LaunchScreen.storyboard; sourceTree = "<group>"; };
		D469DFDE24E059D6008636EA /* Info.plist */ = {isa = PBXFileReference; lastKnownFileType = text.plist.xml; path = Info.plist; sourceTree = "<group>"; };
		D469DFE324E059D6008636EA /* MarvelApp.iOSTests.xctest */ = {isa = PBXFileReference; explicitFileType = wrapper.cfbundle; includeInIndex = 0; path = MarvelApp.iOSTests.xctest; sourceTree = BUILT_PRODUCTS_DIR; };
		D469DFE724E059D6008636EA /* MarvelApp_iOSTests.swift */ = {isa = PBXFileReference; lastKnownFileType = sourcecode.swift; path = MarvelApp_iOSTests.swift; sourceTree = "<group>"; };
		D469DFE924E059D6008636EA /* Info.plist */ = {isa = PBXFileReference; lastKnownFileType = text.plist.xml; path = Info.plist; sourceTree = "<group>"; };
		D469DFEE24E059D6008636EA /* MarvelApp.iOSUITests.xctest */ = {isa = PBXFileReference; explicitFileType = wrapper.cfbundle; includeInIndex = 0; path = MarvelApp.iOSUITests.xctest; sourceTree = BUILT_PRODUCTS_DIR; };
		D469DFF224E059D6008636EA /* MarvelApp_iOSUITests.swift */ = {isa = PBXFileReference; lastKnownFileType = sourcecode.swift; path = MarvelApp_iOSUITests.swift; sourceTree = "<group>"; };
		D469DFF424E059D6008636EA /* Info.plist */ = {isa = PBXFileReference; lastKnownFileType = text.plist.xml; path = Info.plist; sourceTree = "<group>"; };
		D488650A24E19B6C006AA196 /* Comic.swift */ = {isa = PBXFileReference; lastKnownFileType = sourcecode.swift; path = Comic.swift; sourceTree = "<group>"; };
		D4BE80D824E1B14F00C38989 /* ComicViewModel.swift */ = {isa = PBXFileReference; lastKnownFileType = sourcecode.swift; path = ComicViewModel.swift; sourceTree = "<group>"; };
		D4E35A2D24E33054005C82EA /* CharacterHeaderTableViewCell.swift */ = {isa = PBXFileReference; lastKnownFileType = sourcecode.swift; path = CharacterHeaderTableViewCell.swift; sourceTree = "<group>"; };
		D4E35A2E24E33054005C82EA /* CharacterHeaderTableViewCell.xib */ = {isa = PBXFileReference; lastKnownFileType = file.xib; path = CharacterHeaderTableViewCell.xib; sourceTree = "<group>"; };
		D4E4201924E1D3C400EE8F70 /* ComicDataWrapper.swift */ = {isa = PBXFileReference; lastKnownFileType = sourcecode.swift; path = ComicDataWrapper.swift; sourceTree = "<group>"; };
		D4E4201B24E1D3D800EE8F70 /* ComicDataContainter.swift */ = {isa = PBXFileReference; lastKnownFileType = sourcecode.swift; path = ComicDataContainter.swift; sourceTree = "<group>"; };
		D4E4201D24E1DB8C00EE8F70 /* ComicService.swift */ = {isa = PBXFileReference; lastKnownFileType = sourcecode.swift; path = ComicService.swift; sourceTree = "<group>"; };
/* End PBXFileReference section */

/* Begin PBXFrameworksBuildPhase section */
		D469DFCA24E059D5008636EA /* Frameworks */ = {
			isa = PBXFrameworksBuildPhase;
			buildActionMask = 2147483647;
			files = (
			);
			runOnlyForDeploymentPostprocessing = 0;
		};
		D469DFE024E059D6008636EA /* Frameworks */ = {
			isa = PBXFrameworksBuildPhase;
			buildActionMask = 2147483647;
			files = (
			);
			runOnlyForDeploymentPostprocessing = 0;
		};
		D469DFEB24E059D6008636EA /* Frameworks */ = {
			isa = PBXFrameworksBuildPhase;
			buildActionMask = 2147483647;
			files = (
			);
			runOnlyForDeploymentPostprocessing = 0;
		};
/* End PBXFrameworksBuildPhase section */

/* Begin PBXGroup section */
		D40847F924E13F4A00624E4F /* Utils */ = {
			isa = PBXGroup;
			children = (
				D45AB77F24E06943002D61AE /* MD5Enconder.swift */,
			);
			path = Utils;
			sourceTree = "<group>";
		};
		D43E3AB724E086CB00CBADC8 /* Cells */ = {
			isa = PBXGroup;
			children = (
				D43E3AB324E086C600CBADC8 /* CharacterCollectionViewCell.swift */,
				D43E3AB424E086C600CBADC8 /* CharacterCollectionViewCell.xib */,
				D408480E24E15C6100624E4F /* CharacterDetailTableViewCell.swift */,
				D408480F24E15C6100624E4F /* CharacterDetailTableViewCell.xib */,
				D4E35A2D24E33054005C82EA /* CharacterHeaderTableViewCell.swift */,
				D4E35A2E24E33054005C82EA /* CharacterHeaderTableViewCell.xib */,
			);
			path = Cells;
			sourceTree = "<group>";
		};
		D45AB77124E05F60002D61AE /* Model */ = {
			isa = PBXGroup;
			children = (
				D45AB77524E05FCB002D61AE /* Character.swift */,
				D45AB78124E07693002D61AE /* CharacterDataWrapper.swift */,
				D45AB78324E076A3002D61AE /* CharacterDataContainer.swift */,
				D40847FE24E1480300624E4F /* CharacterDetailDataWrapper.swift */,
				D408480024E1487600624E4F /* CharacterDetail.swift */,
				D408480224E148A500624E4F /* Comics.swift */,
				D408480424E148C000624E4F /* ComicResource.swift */,
				D408480624E1491400624E4F /* Stories.swift */,
				D408480824E1493E00624E4F /* Story.swift */,
				D408480A24E1499E00624E4F /* URLObject.swift */,
				D43D75AA24E1848D00FD7A7A /* CharacterDetailDataContainter.swift */,
				D488650A24E19B6C006AA196 /* Comic.swift */,
				D4E4201924E1D3C400EE8F70 /* ComicDataWrapper.swift */,
				D4E4201B24E1D3D800EE8F70 /* ComicDataContainter.swift */,
			);
			path = Model;
			sourceTree = "<group>";
		};
		D45AB77224E05F6B002D61AE /* Views */ = {
			isa = PBXGroup;
			children = (
				D43E3AB724E086CB00CBADC8 /* Cells */,
			);
			path = Views;
			sourceTree = "<group>";
		};
		D45AB77324E05F71002D61AE /* Controllers */ = {
			isa = PBXGroup;
			children = (
				D469DFD024E059D5008636EA /* AppDelegate.swift */,
				D469DFD224E059D5008636EA /* SceneDelegate.swift */,
				D469DFD424E059D5008636EA /* CharactersListController.swift */,
				D40847F724E133AC00624E4F /* CharacterDetailViewController.swift */,
			);
			path = Controllers;
			sourceTree = "<group>";
		};
		D45AB77424E05F87002D61AE /* ViewModels */ = {
			isa = PBXGroup;
			children = (
				D45AB77824E064A9002D61AE /* CharactersListViewModel.swift */,
				D40847FA24E1405A00624E4F /* CharacterDetailViewModel.swift */,
				D4BE80D824E1B14F00C38989 /* ComicViewModel.swift */,
			);
			path = ViewModels;
			sourceTree = "<group>";
		};
		D45AB77724E06466002D61AE /* Services */ = {
			isa = PBXGroup;
			children = (
				D45AB77A24E064B8002D61AE /* CharactersListService.swift */,
				D40847FC24E1407C00624E4F /* CharacterDetailService.swift */,
				D4E4201D24E1DB8C00EE8F70 /* ComicService.swift */,
			);
			path = Services;
			sourceTree = "<group>";
		};
		D45AB77C24E0667B002D61AE /* BaseAPI */ = {
			isa = PBXGroup;
			children = (
				D45AB77D24E066B2002D61AE /* ClientAPI.swift */,
				D408480C24E14B9F00624E4F /* SettingsAPI.swift */,
			);
			path = BaseAPI;
			sourceTree = "<group>";
		};
		D469DFC424E059D5008636EA = {
			isa = PBXGroup;
			children = (
				D469DFCF24E059D5008636EA /* MarvelApp.iOS */,
				D469DFE624E059D6008636EA /* MarvelApp.iOSTests */,
				D469DFF124E059D6008636EA /* MarvelApp.iOSUITests */,
				D469DFCE24E059D5008636EA /* Products */,
			);
			sourceTree = "<group>";
		};
		D469DFCE24E059D5008636EA /* Products */ = {
			isa = PBXGroup;
			children = (
				D469DFCD24E059D5008636EA /* Marvel.app */,
				D469DFE324E059D6008636EA /* MarvelApp.iOSTests.xctest */,
				D469DFEE24E059D6008636EA /* MarvelApp.iOSUITests.xctest */,
			);
			name = Products;
			sourceTree = "<group>";
		};
		D469DFCF24E059D5008636EA /* MarvelApp.iOS */ = {
			isa = PBXGroup;
			children = (
				D40847F924E13F4A00624E4F /* Utils */,
				D45AB77C24E0667B002D61AE /* BaseAPI */,
				D45AB77124E05F60002D61AE /* Model */,
				D45AB77724E06466002D61AE /* Services */,
				D45AB77424E05F87002D61AE /* ViewModels */,
				D45AB77324E05F71002D61AE /* Controllers */,
				D45AB77224E05F6B002D61AE /* Views */,
				D469DFD624E059D5008636EA /* Main.storyboard */,
				D469DFD924E059D6008636EA /* Assets.xcassets */,
				D469DFDB24E059D6008636EA /* LaunchScreen.storyboard */,
				D469DFDE24E059D6008636EA /* Info.plist */,
			);
			path = MarvelApp.iOS;
			sourceTree = "<group>";
		};
		D469DFE624E059D6008636EA /* MarvelApp.iOSTests */ = {
			isa = PBXGroup;
			children = (
				D469DFE724E059D6008636EA /* MarvelApp_iOSTests.swift */,
				D469DFE924E059D6008636EA /* Info.plist */,
			);
			path = MarvelApp.iOSTests;
			sourceTree = "<group>";
		};
		D469DFF124E059D6008636EA /* MarvelApp.iOSUITests */ = {
			isa = PBXGroup;
			children = (
				D469DFF224E059D6008636EA /* MarvelApp_iOSUITests.swift */,
				D469DFF424E059D6008636EA /* Info.plist */,
			);
			path = MarvelApp.iOSUITests;
			sourceTree = "<group>";
		};
/* End PBXGroup section */

/* Begin PBXNativeTarget section */
		D469DFCC24E059D5008636EA /* MarvelApp.iOS */ = {
			isa = PBXNativeTarget;
			buildConfigurationList = D469DFF724E059D6008636EA /* Build configuration list for PBXNativeTarget "MarvelApp.iOS" */;
			buildPhases = (
				D469DFC924E059D5008636EA /* Sources */,
				D469DFCA24E059D5008636EA /* Frameworks */,
				D469DFCB24E059D5008636EA /* Resources */,
			);
			buildRules = (
			);
			dependencies = (
			);
			name = MarvelApp.iOS;
			productName = MarvelApp.iOS;
			productReference = D469DFCD24E059D5008636EA /* Marvel.app */;
			productType = "com.apple.product-type.application";
		};
		D469DFE224E059D6008636EA /* MarvelApp.iOSTests */ = {
			isa = PBXNativeTarget;
			buildConfigurationList = D469DFFA24E059D6008636EA /* Build configuration list for PBXNativeTarget "MarvelApp.iOSTests" */;
			buildPhases = (
				D469DFDF24E059D6008636EA /* Sources */,
				D469DFE024E059D6008636EA /* Frameworks */,
				D469DFE124E059D6008636EA /* Resources */,
			);
			buildRules = (
			);
			dependencies = (
				D469DFE524E059D6008636EA /* PBXTargetDependency */,
			);
			name = MarvelApp.iOSTests;
			productName = MarvelApp.iOSTests;
			productReference = D469DFE324E059D6008636EA /* MarvelApp.iOSTests.xctest */;
			productType = "com.apple.product-type.bundle.unit-test";
		};
		D469DFED24E059D6008636EA /* MarvelApp.iOSUITests */ = {
			isa = PBXNativeTarget;
			buildConfigurationList = D469DFFD24E059D6008636EA /* Build configuration list for PBXNativeTarget "MarvelApp.iOSUITests" */;
			buildPhases = (
				D469DFEA24E059D6008636EA /* Sources */,
				D469DFEB24E059D6008636EA /* Frameworks */,
				D469DFEC24E059D6008636EA /* Resources */,
			);
			buildRules = (
			);
			dependencies = (
				D469DFF024E059D6008636EA /* PBXTargetDependency */,
			);
			name = MarvelApp.iOSUITests;
			productName = MarvelApp.iOSUITests;
			productReference = D469DFEE24E059D6008636EA /* MarvelApp.iOSUITests.xctest */;
			productType = "com.apple.product-type.bundle.ui-testing";
		};
/* End PBXNativeTarget section */

/* Begin PBXProject section */
		D469DFC524E059D5008636EA /* Project object */ = {
			isa = PBXProject;
			attributes = {
				LastSwiftUpdateCheck = 1160;
				LastUpgradeCheck = 1160;
				ORGANIZATIONNAME = marvelinc;
				TargetAttributes = {
					D469DFCC24E059D5008636EA = {
						CreatedOnToolsVersion = 11.6;
					};
					D469DFE224E059D6008636EA = {
						CreatedOnToolsVersion = 11.6;
						TestTargetID = D469DFCC24E059D5008636EA;
					};
					D469DFED24E059D6008636EA = {
						CreatedOnToolsVersion = 11.6;
						TestTargetID = D469DFCC24E059D5008636EA;
					};
				};
			};
			buildConfigurationList = D469DFC824E059D5008636EA /* Build configuration list for PBXProject "MarvelApp.iOS" */;
			compatibilityVersion = "Xcode 9.3";
			developmentRegion = en;
			hasScannedForEncodings = 0;
			knownRegions = (
				en,
				Base,
			);
			mainGroup = D469DFC424E059D5008636EA;
			productRefGroup = D469DFCE24E059D5008636EA /* Products */;
			projectDirPath = "";
			projectRoot = "";
			targets = (
				D469DFCC24E059D5008636EA /* MarvelApp.iOS */,
				D469DFE224E059D6008636EA /* MarvelApp.iOSTests */,
				D469DFED24E059D6008636EA /* MarvelApp.iOSUITests */,
			);
		};
/* End PBXProject section */

/* Begin PBXResourcesBuildPhase section */
		D469DFCB24E059D5008636EA /* Resources */ = {
			isa = PBXResourcesBuildPhase;
			buildActionMask = 2147483647;
			files = (
				D4E35A3024E33054005C82EA /* CharacterHeaderTableViewCell.xib in Resources */,
				D43E3AB624E086C600CBADC8 /* CharacterCollectionViewCell.xib in Resources */,
				D408481124E15C6100624E4F /* CharacterDetailTableViewCell.xib in Resources */,
				D469DFDD24E059D6008636EA /* LaunchScreen.storyboard in Resources */,
				D469DFDA24E059D6008636EA /* Assets.xcassets in Resources */,
				D469DFD824E059D5008636EA /* Main.storyboard in Resources */,
			);
			runOnlyForDeploymentPostprocessing = 0;
		};
		D469DFE124E059D6008636EA /* Resources */ = {
			isa = PBXResourcesBuildPhase;
			buildActionMask = 2147483647;
			files = (
			);
			runOnlyForDeploymentPostprocessing = 0;
		};
		D469DFEC24E059D6008636EA /* Resources */ = {
			isa = PBXResourcesBuildPhase;
			buildActionMask = 2147483647;
			files = (
			);
			runOnlyForDeploymentPostprocessing = 0;
		};
/* End PBXResourcesBuildPhase section */

/* Begin PBXSourcesBuildPhase section */
		D469DFC924E059D5008636EA /* Sources */ = {
			isa = PBXSourcesBuildPhase;
			buildActionMask = 2147483647;
			files = (
				D408481024E15C6100624E4F /* CharacterDetailTableViewCell.swift in Sources */,
				D40847FD24E1407C00624E4F /* CharacterDetailService.swift in Sources */,
				D45AB78024E06943002D61AE /* MD5Enconder.swift in Sources */,
				D40847FF24E1480300624E4F /* CharacterDetailDataWrapper.swift in Sources */,
				D4E35A2F24E33054005C82EA /* CharacterHeaderTableViewCell.swift in Sources */,
				D40847F824E133AC00624E4F /* CharacterDetailViewController.swift in Sources */,
				D408480B24E1499E00624E4F /* URLObject.swift in Sources */,
				D469DFD524E059D5008636EA /* CharactersListController.swift in Sources */,
				D408480724E1491400624E4F /* Stories.swift in Sources */,
				D408480124E1487600624E4F /* CharacterDetail.swift in Sources */,
				D488650B24E19B6C006AA196 /* Comic.swift in Sources */,
				D469DFD124E059D5008636EA /* AppDelegate.swift in Sources */,
				D408480324E148A500624E4F /* Comics.swift in Sources */,
				D45AB77E24E066B2002D61AE /* ClientAPI.swift in Sources */,
				D469DFD324E059D5008636EA /* SceneDelegate.swift in Sources */,
				D4E4201A24E1D3C400EE8F70 /* ComicDataWrapper.swift in Sources */,
				D4BE80D924E1B14F00C38989 /* ComicViewModel.swift in Sources */,
				D45AB77B24E064B8002D61AE /* CharactersListService.swift in Sources */,
				D408480924E1493E00624E4F /* Story.swift in Sources */,
				D43D75AB24E1848D00FD7A7A /* CharacterDetailDataContainter.swift in Sources */,
				D45AB78224E07693002D61AE /* CharacterDataWrapper.swift in Sources */,
				D45AB77624E05FCB002D61AE /* Character.swift in Sources */,
				D45AB77924E064A9002D61AE /* CharactersListViewModel.swift in Sources */,
				D408480D24E14B9F00624E4F /* SettingsAPI.swift in Sources */,
				D408480524E148C000624E4F /* ComicResource.swift in Sources */,
				D4E4201E24E1DB8C00EE8F70 /* ComicService.swift in Sources */,
				D43E3AB524E086C600CBADC8 /* CharacterCollectionViewCell.swift in Sources */,
				D40847FB24E1405A00624E4F /* CharacterDetailViewModel.swift in Sources */,
				D45AB78424E076A3002D61AE /* CharacterDataContainer.swift in Sources */,
				D4E4201C24E1D3D800EE8F70 /* ComicDataContainter.swift in Sources */,
			);
			runOnlyForDeploymentPostprocessing = 0;
		};
		D469DFDF24E059D6008636EA /* Sources */ = {
			isa = PBXSourcesBuildPhase;
			buildActionMask = 2147483647;
			files = (
				D469DFE824E059D6008636EA /* MarvelApp_iOSTests.swift in Sources */,
			);
			runOnlyForDeploymentPostprocessing = 0;
		};
		D469DFEA24E059D6008636EA /* Sources */ = {
			isa = PBXSourcesBuildPhase;
			buildActionMask = 2147483647;
			files = (
				D469DFF324E059D6008636EA /* MarvelApp_iOSUITests.swift in Sources */,
			);
			runOnlyForDeploymentPostprocessing = 0;
		};
/* End PBXSourcesBuildPhase section */

/* Begin PBXTargetDependency section */
		D469DFE524E059D6008636EA /* PBXTargetDependency */ = {
			isa = PBXTargetDependency;
			target = D469DFCC24E059D5008636EA /* MarvelApp.iOS */;
			targetProxy = D469DFE424E059D6008636EA /* PBXContainerItemProxy */;
		};
		D469DFF024E059D6008636EA /* PBXTargetDependency */ = {
			isa = PBXTargetDependency;
			target = D469DFCC24E059D5008636EA /* MarvelApp.iOS */;
			targetProxy = D469DFEF24E059D6008636EA /* PBXContainerItemProxy */;
		};
/* End PBXTargetDependency section */

/* Begin PBXVariantGroup section */
		D469DFD624E059D5008636EA /* Main.storyboard */ = {
			isa = PBXVariantGroup;
			children = (
				D469DFD724E059D5008636EA /* Base */,
			);
			name = Main.storyboard;
			sourceTree = "<group>";
		};
		D469DFDB24E059D6008636EA /* LaunchScreen.storyboard */ = {
			isa = PBXVariantGroup;
			children = (
				D469DFDC24E059D6008636EA /* Base */,
			);
			name = LaunchScreen.storyboard;
			sourceTree = "<group>";
		};
/* End PBXVariantGroup section */

/* Begin XCBuildConfiguration section */
		D469DFF524E059D6008636EA /* Debug */ = {
			isa = XCBuildConfiguration;
			buildSettings = {
				ALWAYS_SEARCH_USER_PATHS = NO;
				CLANG_ANALYZER_NONNULL = YES;
				CLANG_ANALYZER_NUMBER_OBJECT_CONVERSION = YES_AGGRESSIVE;
				CLANG_CXX_LANGUAGE_STANDARD = "gnu++14";
				CLANG_CXX_LIBRARY = "libc++";
				CLANG_ENABLE_MODULES = YES;
				CLANG_ENABLE_OBJC_ARC = YES;
				CLANG_ENABLE_OBJC_WEAK = YES;
				CLANG_WARN_BLOCK_CAPTURE_AUTORELEASING = YES;
				CLANG_WARN_BOOL_CONVERSION = YES;
				CLANG_WARN_COMMA = YES;
				CLANG_WARN_CONSTANT_CONVERSION = YES;
				CLANG_WARN_DEPRECATED_OBJC_IMPLEMENTATIONS = YES;
				CLANG_WARN_DIRECT_OBJC_ISA_USAGE = YES_ERROR;
				CLANG_WARN_DOCUMENTATION_COMMENTS = YES;
				CLANG_WARN_EMPTY_BODY = YES;
				CLANG_WARN_ENUM_CONVERSION = YES;
				CLANG_WARN_INFINITE_RECURSION = YES;
				CLANG_WARN_INT_CONVERSION = YES;
				CLANG_WARN_NON_LITERAL_NULL_CONVERSION = YES;
				CLANG_WARN_OBJC_IMPLICIT_RETAIN_SELF = YES;
				CLANG_WARN_OBJC_LITERAL_CONVERSION = YES;
				CLANG_WARN_OBJC_ROOT_CLASS = YES_ERROR;
				CLANG_WARN_RANGE_LOOP_ANALYSIS = YES;
				CLANG_WARN_STRICT_PROTOTYPES = YES;
				CLANG_WARN_SUSPICIOUS_MOVE = YES;
				CLANG_WARN_UNGUARDED_AVAILABILITY = YES_AGGRESSIVE;
				CLANG_WARN_UNREACHABLE_CODE = YES;
				CLANG_WARN__DUPLICATE_METHOD_MATCH = YES;
				COPY_PHASE_STRIP = NO;
				DEBUG_INFORMATION_FORMAT = dwarf;
				ENABLE_STRICT_OBJC_MSGSEND = YES;
				ENABLE_TESTABILITY = YES;
				GCC_C_LANGUAGE_STANDARD = gnu11;
				GCC_DYNAMIC_NO_PIC = NO;
				GCC_NO_COMMON_BLOCKS = YES;
				GCC_OPTIMIZATION_LEVEL = 0;
				GCC_PREPROCESSOR_DEFINITIONS = (
					"DEBUG=1",
					"$(inherited)",
				);
				GCC_WARN_64_TO_32_BIT_CONVERSION = YES;
				GCC_WARN_ABOUT_RETURN_TYPE = YES_ERROR;
				GCC_WARN_UNDECLARED_SELECTOR = YES;
				GCC_WARN_UNINITIALIZED_AUTOS = YES_AGGRESSIVE;
				GCC_WARN_UNUSED_FUNCTION = YES;
				GCC_WARN_UNUSED_VARIABLE = YES;
				IPHONEOS_DEPLOYMENT_TARGET = 13.6;
				MTL_ENABLE_DEBUG_INFO = INCLUDE_SOURCE;
				MTL_FAST_MATH = YES;
				ONLY_ACTIVE_ARCH = YES;
				SDKROOT = iphoneos;
				SWIFT_ACTIVE_COMPILATION_CONDITIONS = DEBUG;
				SWIFT_OPTIMIZATION_LEVEL = "-Onone";
			};
			name = Debug;
		};
		D469DFF624E059D6008636EA /* Release */ = {
			isa = XCBuildConfiguration;
			buildSettings = {
				ALWAYS_SEARCH_USER_PATHS = NO;
				CLANG_ANALYZER_NONNULL = YES;
				CLANG_ANALYZER_NUMBER_OBJECT_CONVERSION = YES_AGGRESSIVE;
				CLANG_CXX_LANGUAGE_STANDARD = "gnu++14";
				CLANG_CXX_LIBRARY = "libc++";
				CLANG_ENABLE_MODULES = YES;
				CLANG_ENABLE_OBJC_ARC = YES;
				CLANG_ENABLE_OBJC_WEAK = YES;
				CLANG_WARN_BLOCK_CAPTURE_AUTORELEASING = YES;
				CLANG_WARN_BOOL_CONVERSION = YES;
				CLANG_WARN_COMMA = YES;
				CLANG_WARN_CONSTANT_CONVERSION = YES;
				CLANG_WARN_DEPRECATED_OBJC_IMPLEMENTATIONS = YES;
				CLANG_WARN_DIRECT_OBJC_ISA_USAGE = YES_ERROR;
				CLANG_WARN_DOCUMENTATION_COMMENTS = YES;
				CLANG_WARN_EMPTY_BODY = YES;
				CLANG_WARN_ENUM_CONVERSION = YES;
				CLANG_WARN_INFINITE_RECURSION = YES;
				CLANG_WARN_INT_CONVERSION = YES;
				CLANG_WARN_NON_LITERAL_NULL_CONVERSION = YES;
				CLANG_WARN_OBJC_IMPLICIT_RETAIN_SELF = YES;
				CLANG_WARN_OBJC_LITERAL_CONVERSION = YES;
				CLANG_WARN_OBJC_ROOT_CLASS = YES_ERROR;
				CLANG_WARN_RANGE_LOOP_ANALYSIS = YES;
				CLANG_WARN_STRICT_PROTOTYPES = YES;
				CLANG_WARN_SUSPICIOUS_MOVE = YES;
				CLANG_WARN_UNGUARDED_AVAILABILITY = YES_AGGRESSIVE;
				CLANG_WARN_UNREACHABLE_CODE = YES;
				CLANG_WARN__DUPLICATE_METHOD_MATCH = YES;
				COPY_PHASE_STRIP = NO;
				DEBUG_INFORMATION_FORMAT = "dwarf-with-dsym";
				ENABLE_NS_ASSERTIONS = NO;
				ENABLE_STRICT_OBJC_MSGSEND = YES;
				GCC_C_LANGUAGE_STANDARD = gnu11;
				GCC_NO_COMMON_BLOCKS = YES;
				GCC_WARN_64_TO_32_BIT_CONVERSION = YES;
				GCC_WARN_ABOUT_RETURN_TYPE = YES_ERROR;
				GCC_WARN_UNDECLARED_SELECTOR = YES;
				GCC_WARN_UNINITIALIZED_AUTOS = YES_AGGRESSIVE;
				GCC_WARN_UNUSED_FUNCTION = YES;
				GCC_WARN_UNUSED_VARIABLE = YES;
				IPHONEOS_DEPLOYMENT_TARGET = 13.6;
				MTL_ENABLE_DEBUG_INFO = NO;
				MTL_FAST_MATH = YES;
				SDKROOT = iphoneos;
				SWIFT_COMPILATION_MODE = wholemodule;
				SWIFT_OPTIMIZATION_LEVEL = "-O";
				VALIDATE_PRODUCT = YES;
			};
			name = Release;
		};
		D469DFF824E059D6008636EA /* Debug */ = {
			isa = XCBuildConfiguration;
			buildSettings = {
				ASSETCATALOG_COMPILER_APPICON_NAME = AppIcon;
				CODE_SIGN_IDENTITY = "Apple Development";
				CODE_SIGN_STYLE = Automatic;
				DEVELOPMENT_TEAM = FG5LFR9M5Q;
				INFOPLIST_FILE = MarvelApp.iOS/Info.plist;
				LD_RUNPATH_SEARCH_PATHS = (
					"$(inherited)",
					"@executable_path/Frameworks",
				);
				PRODUCT_BUNDLE_IDENTIFIER = marvelapp.MarvelAppiOS;
				PRODUCT_NAME = Marvel;
				PROVISIONING_PROFILE_SPECIFIER = "";
				SWIFT_VERSION = 5.0;
				TARGETED_DEVICE_FAMILY = "1,2";
			};
			name = Debug;
		};
		D469DFF924E059D6008636EA /* Release */ = {
			isa = XCBuildConfiguration;
			buildSettings = {
				ASSETCATALOG_COMPILER_APPICON_NAME = AppIcon;
				CODE_SIGN_IDENTITY = "Apple Development";
				CODE_SIGN_STYLE = Automatic;
				DEVELOPMENT_TEAM = FG5LFR9M5Q;
				INFOPLIST_FILE = MarvelApp.iOS/Info.plist;
				LD_RUNPATH_SEARCH_PATHS = (
					"$(inherited)",
					"@executable_path/Frameworks",
				);
				PRODUCT_BUNDLE_IDENTIFIER = marvelapp.MarvelAppiOS;
				PRODUCT_NAME = Marvel;
				PROVISIONING_PROFILE_SPECIFIER = "";
				SWIFT_VERSION = 5.0;
				TARGETED_DEVICE_FAMILY = "1,2";
			};
			name = Release;
		};
		D469DFFB24E059D6008636EA /* Debug */ = {
			isa = XCBuildConfiguration;
			buildSettings = {
				ALWAYS_EMBED_SWIFT_STANDARD_LIBRARIES = YES;
				BUNDLE_LOADER = "$(TEST_HOST)";
				CODE_SIGN_STYLE = Automatic;
				DEVELOPMENT_TEAM = C55A67RN9Y;
				INFOPLIST_FILE = MarvelApp.iOSTests/Info.plist;
				IPHONEOS_DEPLOYMENT_TARGET = 13.6;
				LD_RUNPATH_SEARCH_PATHS = (
					"$(inherited)",
					"@executable_path/Frameworks",
					"@loader_path/Frameworks",
				);
				PRODUCT_BUNDLE_IDENTIFIER = "marvelapp.com.MarvelApp-iOSTests";
				PRODUCT_NAME = "$(TARGET_NAME)";
				SWIFT_VERSION = 5.0;
				TARGETED_DEVICE_FAMILY = "1,2";
				TEST_HOST = "$(BUILT_PRODUCTS_DIR)/MarvelApp.iOS.app/MarvelApp.iOS";
			};
			name = Debug;
		};
		D469DFFC24E059D6008636EA /* Release */ = {
			isa = XCBuildConfiguration;
			buildSettings = {
				ALWAYS_EMBED_SWIFT_STANDARD_LIBRARIES = YES;
				BUNDLE_LOADER = "$(TEST_HOST)";
				CODE_SIGN_STYLE = Automatic;
				DEVELOPMENT_TEAM = C55A67RN9Y;
				INFOPLIST_FILE = MarvelApp.iOSTests/Info.plist;
				IPHONEOS_DEPLOYMENT_TARGET = 13.6;
				LD_RUNPATH_SEARCH_PATHS = (
					"$(inherited)",
					"@executable_path/Frameworks",
					"@loader_path/Frameworks",
				);
				PRODUCT_BUNDLE_IDENTIFIER = "marvelapp.com.MarvelApp-iOSTests";
				PRODUCT_NAME = "$(TARGET_NAME)";
				SWIFT_VERSION = 5.0;
				TARGETED_DEVICE_FAMILY = "1,2";
				TEST_HOST = "$(BUILT_PRODUCTS_DIR)/MarvelApp.iOS.app/MarvelApp.iOS";
			};
			name = Release;
		};
		D469DFFE24E059D6008636EA /* Debug */ = {
			isa = XCBuildConfiguration;
			buildSettings = {
				ALWAYS_EMBED_SWIFT_STANDARD_LIBRARIES = YES;
				CODE_SIGN_STYLE = Automatic;
				DEVELOPMENT_TEAM = C55A67RN9Y;
				INFOPLIST_FILE = MarvelApp.iOSUITests/Info.plist;
				LD_RUNPATH_SEARCH_PATHS = (
					"$(inherited)",
					"@executable_path/Frameworks",
					"@loader_path/Frameworks",
				);
				PRODUCT_BUNDLE_IDENTIFIER = "marvelapp.com.MarvelApp-iOSUITests";
				PRODUCT_NAME = "$(TARGET_NAME)";
				SWIFT_VERSION = 5.0;
				TARGETED_DEVICE_FAMILY = "1,2";
				TEST_TARGET_NAME = MarvelApp.iOS;
			};
			name = Debug;
		};
		D469DFFF24E059D6008636EA /* Release */ = {
			isa = XCBuildConfiguration;
			buildSettings = {
				ALWAYS_EMBED_SWIFT_STANDARD_LIBRARIES = YES;
				CODE_SIGN_STYLE = Automatic;
				DEVELOPMENT_TEAM = C55A67RN9Y;
				INFOPLIST_FILE = MarvelApp.iOSUITests/Info.plist;
				LD_RUNPATH_SEARCH_PATHS = (
					"$(inherited)",
					"@executable_path/Frameworks",
					"@loader_path/Frameworks",
				);
				PRODUCT_BUNDLE_IDENTIFIER = "marvelapp.com.MarvelApp-iOSUITests";
				PRODUCT_NAME = "$(TARGET_NAME)";
				SWIFT_VERSION = 5.0;
				TARGETED_DEVICE_FAMILY = "1,2";
				TEST_TARGET_NAME = MarvelApp.iOS;
			};
			name = Release;
		};
/* End XCBuildConfiguration section */

/* Begin XCConfigurationList section */
		D469DFC824E059D5008636EA /* Build configuration list for PBXProject "MarvelApp.iOS" */ = {
			isa = XCConfigurationList;
			buildConfigurations = (
				D469DFF524E059D6008636EA /* Debug */,
				D469DFF624E059D6008636EA /* Release */,
			);
			defaultConfigurationIsVisible = 0;
			defaultConfigurationName = Release;
		};
		D469DFF724E059D6008636EA /* Build configuration list for PBXNativeTarget "MarvelApp.iOS" */ = {
			isa = XCConfigurationList;
			buildConfigurations = (
				D469DFF824E059D6008636EA /* Debug */,
				D469DFF924E059D6008636EA /* Release */,
			);
			defaultConfigurationIsVisible = 0;
			defaultConfigurationName = Release;
		};
		D469DFFA24E059D6008636EA /* Build configuration list for PBXNativeTarget "MarvelApp.iOSTests" */ = {
			isa = XCConfigurationList;
			buildConfigurations = (
				D469DFFB24E059D6008636EA /* Debug */,
				D469DFFC24E059D6008636EA /* Release */,
			);
			defaultConfigurationIsVisible = 0;
			defaultConfigurationName = Release;
		};
		D469DFFD24E059D6008636EA /* Build configuration list for PBXNativeTarget "MarvelApp.iOSUITests" */ = {
			isa = XCConfigurationList;
			buildConfigurations = (
				D469DFFE24E059D6008636EA /* Debug */,
				D469DFFF24E059D6008636EA /* Release */,
			);
			defaultConfigurationIsVisible = 0;
			defaultConfigurationName = Release;
		};
/* End XCConfigurationList section */
	};
	rootObject = D469DFC524E059D5008636EA /* Project object */;
}
